
Microsoft Visual Studio Solution File, Format Version 12.00
# Visual Studio 15
Project("{FAE04EC0-301F-11D3-BF4B-00C04F79EFBC}") = "Assembly-CSharp", "Assembly-CSharp.csproj", "{FB3C3029-E698-A56A-BB91-36396B7763EE}"
EndProject
Project("{FAE04EC0-301F-11D3-BF4B-00C04F79EFBC}") = "Assembly-CSharp-Editor", "Assembly-CSharp-Editor.csproj", "{015511F8-7C12-EF50-011B-C0A1C17B989C}"
EndProject
Global
	GlobalSection(SolutionConfigurationPlatforms) = preSolution
		Debug|Any CPU = Debug|Any CPU
		Release|Any CPU = Release|Any CPU
	EndGlobalSection
	GlobalSection(ProjectConfigurationPlatforms) = postSolution
		{FB3C3029-E698-A56A-BB91-36396B7763EE}.Debug|Any CPU.ActiveCfg = Debug|Any CPU
		{FB3C3029-E698-A56A-BB91-36396B7763EE}.Debug|Any CPU.Build.0 = Debug|Any CPU
		{FB3C3029-E698-A56A-BB91-36396B7763EE}.Release|Any CPU.ActiveCfg = Release|Any CPU
		{FB3C3029-E698-A56A-BB91-36396B7763EE}.Release|Any CPU.Build.0 = Release|Any CPU
		{015511F8-7C12-EF50-011B-C0A1C17B989C}.Debug|Any CPU.ActiveCfg = Debug|Any CPU
		{015511F8-7C12-EF50-011B-C0A1C17B989C}.Debug|Any CPU.Build.0 = Debug|Any CPU
		{015511F8-7C12-EF50-011B-C0A1C17B989C}.Release|Any CPU.ActiveCfg = Release|Any CPU
		{015511F8-7C12-EF50-011B-C0A1C17B989C}.Release|Any CPU.Build.0 = Release|Any CPU
	EndGlobalSection
	GlobalSection(SolutionProperties) = preSolution
		HideSolutionNode = FALSE
	EndGlobalSection
EndGlobal
